
Microsoft Visual Studio Solution File, Format Version 12.00
# Visual Studio 15
VisualStudioVersion = 15.0.28307.168
MinimumVisualStudioVersion = 10.0.40219.1
Project("{9A19103F-16F7-4668-BE54-9A1E7A4F7556}") = "Motorola.MotoTaxi.Orders.DomainModels", "Motorola.MotoTaxi.Orders.DomainModels\Motorola.MotoTaxi.Orders.DomainModels.csproj", "{3533693F-3832-4FE0-83ED-F2768EE28BC2}"
EndProject
Project("{9A19103F-16F7-4668-BE54-9A1E7A4F7556}") = "Motorola.MotoTaxi.Orders.IServices", "Motorola.MotoTaxi.Orders.IServices\Motorola.MotoTaxi.Orders.IServices.csproj", "{8B6F7F9F-1F07-4A5E-B4E2-E2270969CA5A}"
EndProject
Project("{FAE04EC0-301F-11D3-BF4B-00C04F79EFBC}") = "Motorola.MotoTaxi.Orders.Api", "Motorola.MotoTaxi.Orders.Api\Motorola.MotoTaxi.Orders.Api.csproj", "{226A8719-C845-437C-A190-98149847AA83}"
EndProject
Project("{FAE04EC0-301F-11D3-BF4B-00C04F79EFBC}") = "Motorola.MotoTaxi.Orders.FakeServices", "Motorola.MotoTaxi.Orders.FakeServices\Motorola.MotoTaxi.Orders.FakeServices.csproj", "{3092920C-9540-4600-99CA-65272C05A7E2}"
EndProject
Project("{FAE04EC0-301F-11D3-BF4B-00C04F79EFBC}") = "Motorola.MotoTaxi.Orders.DbServices", "Motorola.MotoTaxi.Orders.DbServices\Motorola.MotoTaxi.Orders.DbServices.csproj", "{07D5FC32-9DA5-47B9-BA01-FC895F2FE63D}"
EndProject
Project("{FAE04EC0-301F-11D3-BF4B-00C04F79EFBC}") = "Motorola.RedisDemo", "Motorola.RedisDemo\Motorola.RedisDemo.csproj", "{FB3D6D1E-81D4-4781-9121-22536A41991B}"
EndProject
Global
	GlobalSection(SolutionConfigurationPlatforms) = preSolution
		Debug|Any CPU = Debug|Any CPU
		Release|Any CPU = Release|Any CPU
	EndGlobalSection
	GlobalSection(ProjectConfigurationPlatforms) = postSolution
		{3533693F-3832-4FE0-83ED-F2768EE28BC2}.Debug|Any CPU.ActiveCfg = Debug|Any CPU
		{3533693F-3832-4FE0-83ED-F2768EE28BC2}.Debug|Any CPU.Build.0 = Debug|Any CPU
		{3533693F-3832-4FE0-83ED-F2768EE28BC2}.Release|Any CPU.ActiveCfg = Release|Any CPU
		{3533693F-3832-4FE0-83ED-F2768EE28BC2}.Release|Any CPU.Build.0 = Release|Any CPU
		{8B6F7F9F-1F07-4A5E-B4E2-E2270969CA5A}.Debug|Any CPU.ActiveCfg = Debug|Any CPU
		{8B6F7F9F-1F07-4A5E-B4E2-E2270969CA5A}.Debug|Any CPU.Build.0 = Debug|Any CPU
		{8B6F7F9F-1F07-4A5E-B4E2-E2270969CA5A}.Release|Any CPU.ActiveCfg = Release|Any CPU
		{8B6F7F9F-1F07-4A5E-B4E2-E2270969CA5A}.Release|Any CPU.Build.0 = Release|Any CPU
		{226A8719-C845-437C-A190-98149847AA83}.Debug|Any CPU.ActiveCfg = Debug|Any CPU
		{226A8719-C845-437C-A190-98149847AA83}.Debug|Any CPU.Build.0 = Debug|Any CPU
		{226A8719-C845-437C-A190-98149847AA83}.Release|Any CPU.ActiveCfg = Release|Any CPU
		{226A8719-C845-437C-A190-98149847AA83}.Release|Any CPU.Build.0 = Release|Any CPU
		{3092920C-9540-4600-99CA-65272C05A7E2}.Debug|Any CPU.ActiveCfg = Debug|Any CPU
		{3092920C-9540-4600-99CA-65272C05A7E2}.Debug|Any CPU.Build.0 = Debug|Any CPU
		{3092920C-9540-4600-99CA-65272C05A7E2}.Release|Any CPU.ActiveCfg = Release|Any CPU
		{3092920C-9540-4600-99CA-65272C05A7E2}.Release|Any CPU.Build.0 = Release|Any CPU
		{07D5FC32-9DA5-47B9-BA01-FC895F2FE63D}.Debug|Any CPU.ActiveCfg = Debug|Any CPU
		{07D5FC32-9DA5-47B9-BA01-FC895F2FE63D}.Debug|Any CPU.Build.0 = Debug|Any CPU
		{07D5FC32-9DA5-47B9-BA01-FC895F2FE63D}.Release|Any CPU.ActiveCfg = Release|Any CPU
		{07D5FC32-9DA5-47B9-BA01-FC895F2FE63D}.Release|Any CPU.Build.0 = Release|Any CPU
		{FB3D6D1E-81D4-4781-9121-22536A41991B}.Debug|Any CPU.ActiveCfg = Debug|Any CPU
		{FB3D6D1E-81D4-4781-9121-22536A41991B}.Debug|Any CPU.Build.0 = Debug|Any CPU
		{FB3D6D1E-81D4-4781-9121-22536A41991B}.Release|Any CPU.ActiveCfg = Release|Any CPU
		{FB3D6D1E-81D4-4781-9121-22536A41991B}.Release|Any CPU.Build.0 = Release|Any CPU
	EndGlobalSection
	GlobalSection(SolutionProperties) = preSolution
		HideSolutionNode = FALSE
	EndGlobalSection
	GlobalSection(ExtensibilityGlobals) = postSolution
		SolutionGuid = {443C94F8-869C-4A13-9659-8CF022E82E71}
	EndGlobalSection
EndGlobal
